
Microsoft Visual Studio Solution File, Format Version 12.00
# Visual Studio Version 16
VisualStudioVersion = 16.0.31313.79
MinimumVisualStudioVersion = 10.0.40219.1
Project("{FAE04EC0-301F-11D3-BF4B-00C04F79EFBC}") = "KnockKnock", "KnockKnock\KnockKnock.csproj", "{7AB94AC9-9584-4E59-BB4F-0DE674C17EDC}"
EndProject
Project("{2150E333-8FDC-42A3-9474-1A3956D46DE8}") = "Solution Items", "Solution Items", "{995E876F-2921-475F-B456-6F3D49735BA8}"
	ProjectSection(SolutionItems) = preProject
		.gitignore = .gitignore
	EndProjectSection
EndProject
Global
	GlobalSection(SolutionConfigurationPlatforms) = preSolution
		Debug|Any CPU = Debug|Any CPU
		Release|Any CPU = Release|Any CPU
	EndGlobalSection
	GlobalSection(ProjectConfigurationPlatforms) = postSolution
		{7AB94AC9-9584-4E59-BB4F-0DE674C17EDC}.Debug|Any CPU.ActiveCfg = Debug|Any CPU
		{7AB94AC9-9584-4E59-BB4F-0DE674C17EDC}.Debug|Any CPU.Build.0 = Debug|Any CPU
		{7AB94AC9-9584-4E59-BB4F-0DE674C17EDC}.Release|Any CPU.ActiveCfg = Release|Any CPU
		{7AB94AC9-9584-4E59-BB4F-0DE674C17EDC}.Release|Any CPU.Build.0 = Release|Any CPU
	EndGlobalSection
	GlobalSection(SolutionProperties) = preSolution
		HideSolutionNode = FALSE
	EndGlobalSection
	GlobalSection(ExtensibilityGlobals) = postSolution
		SolutionGuid = {8EBEDA0D-14E6-4CC8-B480-EF6191B2F874}
	EndGlobalSection
EndGlobal
